
Microsoft Visual Studio Solution File, Format Version 12.00
# Visual Studio Version 17
VisualStudioVersion = 17.13.35825.156 d17.13
MinimumVisualStudioVersion = 10.0.40219.1
Project("{FAE04EC0-301F-11D3-BF4B-00C04F79EFBC}") = "MatchGame", "MatchGame\MatchGame.csproj", "{1CFA5932-25CF-42BA-AB34-B04D903ED73F}"
EndProject
Global
	GlobalSection(SolutionConfigurationPlatforms) = preSolution
		Debug|Any CPU = Debug|Any CPU
		Release|Any CPU = Release|Any CPU
	EndGlobalSection
	GlobalSection(ProjectConfigurationPlatforms) = postSolution
		{1CFA5932-25CF-42BA-AB34-B04D903ED73F}.Debug|Any CPU.ActiveCfg = Debug|Any CPU
		{1CFA5932-25CF-42BA-AB34-B04D903ED73F}.Debug|Any CPU.Build.0 = Debug|Any CPU
		{1CFA5932-25CF-42BA-AB34-B04D903ED73F}.Release|Any CPU.ActiveCfg = Release|Any CPU
		{1CFA5932-25CF-42BA-AB34-B04D903ED73F}.Release|Any CPU.Build.0 = Release|Any CPU
	EndGlobalSection
	GlobalSection(SolutionProperties) = preSolution
		HideSolutionNode = FALSE
	EndGlobalSection
	GlobalSection(ExtensibilityGlobals) = postSolution
		SolutionGuid = {64F5E13E-B195-4A14-A48C-CEE7F4EFF1AC}
	EndGlobalSection
EndGlobal
